{
  "object": {
    "pins": [
      {
        "package": "Rainbow",
        "repositoryURL": "https://github.com/onevcat/Rainbow.git",
        "state": {
          "branch": null,
          "revision": "626c3d4b6b55354b4af3aa309f998fae9b31a3d9",
          "version": "3.2.0"
        }
      },
      {
        "package": "swift-argument-parser",
        "repositoryURL": "https://github.com/apple/swift-argument-parser",
        "state": {
          "branch": null,
          "revision": "41982a3656a71c768319979febd796c6fd111d5c",
          "version": "1.5.0"
        }
      },
      {
        "package": "SwiftFormat",
        "repositoryURL": "https://github.com/nicklockwood/SwiftFormat",
        "state": {
          "branch": null,
          "revision": "86ed20990585f478c0daf309af645c2a528b59d8",
          "version": "0.54.6"
        }
      },
      {
        "package": "SwiftSoup",
        "repositoryURL": "https://github.com/scinfu/SwiftSoup.git",
        "state": {
          "branch": null,
          "revision": "3c2c7e1e72b8abd96eafbae80323c5c1e5317437",
          "version": "2.7.5"
        }
      },
      {
        "package": "XCResultKit",
        "repositoryURL": "https://github.com/tylervick/XCResultKit.git",
        "state": {
          "branch": null,
          "revision": "d5462510fc09055594b3cf472e443bee0d130043",
          "version": null
        }
      }
    ]
  },
  "version": 1
}
